<?xml version="1.0" encoding="utf-8"?>
<Project ToolsVersion="4.0" xmlns="http://schemas.microsoft.com/developer/msbuild/2003">
  <ItemGroup>
    <Filter Include="Source Files">
      <UniqueIdentifier>{4FC737F1-C7A5-4376-A066-2A32D752A2FF}</UniqueIdentifier>
      <Extensions>cpp;c;cc;cxx;def;odl;idl;hpj;bat;asm;asmx</Extensions>
    </Filter>
    <Filter Include="Header Files">
      <UniqueIdentifier>{93995380-89BD-4b04-88EB-625FBE52EBFB}</UniqueIdentifier>
      <Extensions>h;hh;hpp;hxx;hm;inl;inc;xsd</Extensions>
    </Filter>
    <Filter Include="Resource Files">
      <UniqueIdentifier>{67DA6AB6-F800-4c08-8B7A-83BB121AAD01}</UniqueIdentifier>
      <Extensions>rc;ico;cur;bmp;dlg;rc2;rct;bin;rgs;gif;jpg;jpeg;jpe;resx;tiff;tif;png;wav;mfcribbon-ms</Extensions>
    </Filter>
  </ItemGroup>
  <ItemGroup>
    <ClInclude Include="conf.h">
      <Filter>Header Files</Filter>
    </ClInclude>
    <ClInclude Include="DbHandling.h">
      <Filter>Header Files</Filter>
    </ClInclude>
    <ClInclude Include="happyhttp.h">
      <Filter>Header Files</Filter>
    </ClInclude>
    <ClInclude Include="IperfProc.h">
      <Filter>Header Files</Filter>
    </ClInclude>
    <ClInclude Include="LineProcessor.h">
      <Filter>Header Files</Filter>
    </ClInclude>
    <ClInclude Include="my_sleep.h">
      <Filter>Header Files</Filter>
    </ClInclude>
    <ClInclude Include="MyNetwork.h">
      <Filter>Header Files</Filter>
    </ClInclude>
    <ClInclude Include="MyUtils.h">
      <Filter>Header Files</Filter>
    </ClInclude>
    <ClInclude Include="Progress.h">
      <Filter>Header Files</Filter>
    </ClInclude>
    <ClInclude Include="base64.h">
      <Filter>Header Files</Filter>
    </ClInclude>
  </ItemGroup>
  <ItemGroup>
    <ClCompile Include="conf.cpp">
      <Filter>Source Files</Filter>
    </ClCompile>
    <ClCompile Include="DbHandling.cpp">
      <Filter>Source Files</Filter>
    </ClCompile>
    <ClCompile Include="happyhttp.cpp">
      <Filter>Source Files</Filter>
    </ClCompile>
    <ClCompile Include="IperfProc.cpp">
      <Filter>Source Files</Filter>
    </ClCompile>
    <ClCompile Include="LineProcessor.cpp">
      <Filter>Source Files</Filter>
    </ClCompile>
    <ClCompile Include="MyNetwork.cpp">
      <Filter>Source Files</Filter>
    </ClCompile>
    <ClCompile Include="main.cpp">
      <Filter>Source Files</Filter>
    </ClCompile>
    <ClCompile Include="MyUtils.cpp">
      <Filter>Source Files</Filter>
    </ClCompile>
    <ClCompile Include="Progress.cpp">
      <Filter>Source Files</Filter>
    </ClCompile>
    <ClCompile Include="base64.cpp">
      <Filter>Source Files</Filter>
    </ClCompile>
  </ItemGroup>
  <ItemGroup>
    <None Include="mysqlcppconn.dll">
      <Filter>Resource Files</Filter>
    </None>
    <None Include="cyggcc_s-1.dll">
      <Filter>Resource Files</Filter>
    </None>
    <None Include="cygwin1.dll">
      <Filter>Resource Files</Filter>
    </None>
    <None Include="iperf3.exe">
      <Filter>Resource Files</Filter>
    </None>
    <None Include="config.txt" />
  </ItemGroup>
</Project>